
Microsoft Visual Studio Solution File, Format Version 12.00
# Visual Studio 14
VisualStudioVersion = 14.0.23107.0
MinimumVisualStudioVersion = 10.0.40219.1
Project("{FAE04EC0-301F-11D3-BF4B-00C04F79EFBC}") = "SpaHttpServer", "StaticFast\SpaHttpServer.csproj", "{FA80E99A-3860-4097-B6F3-E04E14804ABB}"
EndProject
Project("{FAE04EC0-301F-11D3-BF4B-00C04F79EFBC}") = "SpaStaticFile", "SpaStaticFile\SpaStaticFile.csproj", "{02E4FB6A-34FF-4C95-9037-964DE074C425}"
EndProject
Project("{FAE04EC0-301F-11D3-BF4B-00C04F79EFBC}") = "NuGet.SpaStaticFile", "NuGet.SpaStaticFile\NuGet.SpaStaticFile.csproj", "{0451BAEF-DF2E-4B98-8644-94EE9415E389}"
EndProject
Global
	GlobalSection(SolutionConfigurationPlatforms) = preSolution
		Debug|Any CPU = Debug|Any CPU
		Release|Any CPU = Release|Any CPU
	EndGlobalSection
	GlobalSection(ProjectConfigurationPlatforms) = postSolution
		{FA80E99A-3860-4097-B6F3-E04E14804ABB}.Debug|Any CPU.ActiveCfg = Debug|Any CPU
		{FA80E99A-3860-4097-B6F3-E04E14804ABB}.Debug|Any CPU.Build.0 = Debug|Any CPU
		{FA80E99A-3860-4097-B6F3-E04E14804ABB}.Release|Any CPU.ActiveCfg = Release|Any CPU
		{FA80E99A-3860-4097-B6F3-E04E14804ABB}.Release|Any CPU.Build.0 = Release|Any CPU
		{02E4FB6A-34FF-4C95-9037-964DE074C425}.Debug|Any CPU.ActiveCfg = Debug|Any CPU
		{02E4FB6A-34FF-4C95-9037-964DE074C425}.Debug|Any CPU.Build.0 = Debug|Any CPU
		{02E4FB6A-34FF-4C95-9037-964DE074C425}.Release|Any CPU.ActiveCfg = Release|Any CPU
		{02E4FB6A-34FF-4C95-9037-964DE074C425}.Release|Any CPU.Build.0 = Release|Any CPU
		{0451BAEF-DF2E-4B98-8644-94EE9415E389}.Debug|Any CPU.ActiveCfg = Debug|Any CPU
		{0451BAEF-DF2E-4B98-8644-94EE9415E389}.Debug|Any CPU.Build.0 = Debug|Any CPU
		{0451BAEF-DF2E-4B98-8644-94EE9415E389}.Release|Any CPU.ActiveCfg = Release|Any CPU
		{0451BAEF-DF2E-4B98-8644-94EE9415E389}.Release|Any CPU.Build.0 = Release|Any CPU
	EndGlobalSection
	GlobalSection(SolutionProperties) = preSolution
		HideSolutionNode = FALSE
	EndGlobalSection
EndGlobal
